
Microsoft Visual Studio Solution File, Format Version 12.00
# Visual Studio Version 16
VisualStudioVersion = 16.0.32002.261
MinimumVisualStudioVersion = 10.0.40219.1
Project("{FAE04EC0-301F-11D3-BF4B-00C04F79EFBC}") = "EF_Crud", "EF_Crud\EF_Crud.csproj", "{D0CCFAAC-8B40-4FC2-B51A-28514B27F588}"
EndProject
Global
	GlobalSection(SolutionConfigurationPlatforms) = preSolution
		Debug|Any CPU = Debug|Any CPU
		Release|Any CPU = Release|Any CPU
	EndGlobalSection
	GlobalSection(ProjectConfigurationPlatforms) = postSolution
		{D0CCFAAC-8B40-4FC2-B51A-28514B27F588}.Debug|Any CPU.ActiveCfg = Debug|Any CPU
		{D0CCFAAC-8B40-4FC2-B51A-28514B27F588}.Debug|Any CPU.Build.0 = Debug|Any CPU
		{D0CCFAAC-8B40-4FC2-B51A-28514B27F588}.Release|Any CPU.ActiveCfg = Release|Any CPU
		{D0CCFAAC-8B40-4FC2-B51A-28514B27F588}.Release|Any CPU.Build.0 = Release|Any CPU
	EndGlobalSection
	GlobalSection(SolutionProperties) = preSolution
		HideSolutionNode = FALSE
	EndGlobalSection
	GlobalSection(ExtensibilityGlobals) = postSolution
		SolutionGuid = {7B76E02F-28EC-4C5C-BF9F-14A29F41EC6F}
	EndGlobalSection
EndGlobal
